
Microsoft Visual Studio Solution File, Format Version 12.00
# Visual Studio Version 17
VisualStudioVersion = 17.7.34202.233
MinimumVisualStudioVersion = 10.0.40219.1
Project("{9A19103F-16F7-4668-BE54-9A1E7A4F7556}") = "EFLazyLoading", "EFLazyLoading\EFLazyLoading.csproj", "{CDCA009B-7FE2-49DD-9A48-FA7B3AF7067C}"
EndProject
Project("{9A19103F-16F7-4668-BE54-9A1E7A4F7556}") = "GenericsDemo", "GenericsDemo\GenericsDemo.csproj", "{2DAD2DEB-3321-471A-BF83-9EE6C2CCCF15}"
EndProject
Global
	GlobalSection(SolutionConfigurationPlatforms) = preSolution
		Debug|Any CPU = Debug|Any CPU
		Release|Any CPU = Release|Any CPU
	EndGlobalSection
	GlobalSection(ProjectConfigurationPlatforms) = postSolution
		{CDCA009B-7FE2-49DD-9A48-FA7B3AF7067C}.Debug|Any CPU.ActiveCfg = Debug|Any CPU
		{CDCA009B-7FE2-49DD-9A48-FA7B3AF7067C}.Debug|Any CPU.Build.0 = Debug|Any CPU
		{CDCA009B-7FE2-49DD-9A48-FA7B3AF7067C}.Release|Any CPU.ActiveCfg = Release|Any CPU
		{CDCA009B-7FE2-49DD-9A48-FA7B3AF7067C}.Release|Any CPU.Build.0 = Release|Any CPU
		{2DAD2DEB-3321-471A-BF83-9EE6C2CCCF15}.Debug|Any CPU.ActiveCfg = Debug|Any CPU
		{2DAD2DEB-3321-471A-BF83-9EE6C2CCCF15}.Debug|Any CPU.Build.0 = Debug|Any CPU
		{2DAD2DEB-3321-471A-BF83-9EE6C2CCCF15}.Release|Any CPU.ActiveCfg = Release|Any CPU
		{2DAD2DEB-3321-471A-BF83-9EE6C2CCCF15}.Release|Any CPU.Build.0 = Release|Any CPU
	EndGlobalSection
	GlobalSection(SolutionProperties) = preSolution
		HideSolutionNode = FALSE
	EndGlobalSection
	GlobalSection(ExtensibilityGlobals) = postSolution
		SolutionGuid = {AAA648B2-23A8-4736-895C-15CB7925B746}
	EndGlobalSection
EndGlobal
